
Microsoft Visual Studio Solution File, Format Version 12.00
Project("{FAE04EC0-301F-11D3-BF4B-00C04F79EFBC}") = "ParquetFactory", "ParquetFactory\ParquetFactory.csproj", "{5A03D2C1-A062-4A6B-AD94-D49619AA470B}"
EndProject
Global
	GlobalSection(SolutionConfigurationPlatforms) = preSolution
		Debug|Any CPU = Debug|Any CPU
		Release|Any CPU = Release|Any CPU
	EndGlobalSection
	GlobalSection(ProjectConfigurationPlatforms) = postSolution
		{5A03D2C1-A062-4A6B-AD94-D49619AA470B}.Debug|Any CPU.ActiveCfg = Debug|Any CPU
		{5A03D2C1-A062-4A6B-AD94-D49619AA470B}.Debug|Any CPU.Build.0 = Debug|Any CPU
		{5A03D2C1-A062-4A6B-AD94-D49619AA470B}.Release|Any CPU.ActiveCfg = Release|Any CPU
		{5A03D2C1-A062-4A6B-AD94-D49619AA470B}.Release|Any CPU.Build.0 = Release|Any CPU
	EndGlobalSection
EndGlobal
